{
  "nodes": {
    "command-utils": {
      "inputs": {
        "flake-utils": "flake-utils",
        "nixpkgs": "nixpkgs"
      },
      "locked": {
        "lastModified": 1709702368,
        "narHash": "sha256-1YOPubkJ5M6HigdfN0gn0AZ3kx6MHboG9UbWpYpk3gM=",
        "owner": "expede",
        "repo": "nix-command-utils",
        "rev": "8f7179876383495b1f98311e53ebb41649ca270a",
        "type": "github"
      },
      "original": {
        "owner": "expede",
        "repo": "nix-command-utils",
        "type": "github"
      }
    },
    "flake-utils": {
      "inputs": {
        "systems": "systems"
      },
      "locked": {
        "lastModified": 1709126324,
        "narHash": "sha256-q6EQdSeUZOG26WelxqkmR7kArjgWCdw5sfJVHPH/7j8=",
        "owner": "numtide",
        "repo": "flake-utils",
        "rev": "d465f4819400de7c8d874d50b982301f28a84605",
        "type": "github"
      },
      "original": {
        "id": "flake-utils",
        "type": "indirect"
      }
    },
    "flake-utils_2": {
      "inputs": {
        "systems": "systems_2"
      },
      "locked": {
        "lastModified": 1731533236,
        "narHash": "sha256-l0KFg5HjrsfsO/JpG+r7fRrqm12kzFHyUHqHCVpMMbI=",
        "owner": "numtide",
        "repo": "flake-utils",
        "rev": "11707dc2f618dd54ca8739b309ec4fc024de578b",
        "type": "github"
      },
      "original": {
        "owner": "numtide",
        "repo": "flake-utils",
        "type": "github"
      }
    },
    "nixpkgs": {
      "locked": {
        "lastModified": 1709569716,
        "narHash": "sha256-iOR44RU4jQ+YPGrn+uQeYAp7Xo7Z/+gT+wXJoGxxLTY=",
        "owner": "NixOS",
        "repo": "nixpkgs",
        "rev": "617579a787259b9a6419492eaac670a5f7663917",
        "type": "github"
      },
      "original": {
        "id": "nixpkgs",
        "ref": "nixos-23.11",
        "type": "indirect"
      }
    },
    "nixpkgs-androidenv": {
      "locked": {
        "lastModified": 1716583494,
        "narHash": "sha256-nZBI/1FLlc0WC9IA64jawGue4wM3T27IOGDBmsJVixs=",
        "owner": "hadilq",
        "repo": "nixpkgs",
        "rev": "521ab4f5449a20059915fcef936096fc617bc407",
        "type": "github"
      },
      "original": {
        "owner": "hadilq",
        "ref": "androidenv-fix-ndk-toolchains",
        "repo": "nixpkgs",
        "type": "github"
      }
    },
    "nixpkgs-unstable": {
      "locked": {
        "lastModified": 1755615617,
        "narHash": "sha256-HMwfAJBdrr8wXAkbGhtcby1zGFvs+StOp19xNsbqdOg=",
        "owner": "NixOS",
        "repo": "nixpkgs",
        "rev": "20075955deac2583bb12f07151c2df830ef346b4",
        "type": "github"
      },
      "original": {
        "id": "nixpkgs",
        "ref": "nixos-unstable",
        "type": "indirect"
      }
    },
    "nixpkgs_2": {
      "locked": {
        "lastModified": 1751274312,
        "narHash": "sha256-/bVBlRpECLVzjV19t5KMdMFWSwKLtb5RyXdjz3LJT+g=",
        "owner": "NixOS",
        "repo": "nixpkgs",
        "rev": "50ab793786d9de88ee30ec4e4c24fb4236fc2674",
        "type": "github"
      },
      "original": {
        "id": "nixpkgs",
        "ref": "nixos-24.11",
        "type": "indirect"
      }
    },
    "root": {
      "inputs": {
        "command-utils": "command-utils",
        "flake-utils": "flake-utils_2",
        "nixpkgs": "nixpkgs_2",
        "nixpkgs-androidenv": "nixpkgs-androidenv",
        "nixpkgs-unstable": "nixpkgs-unstable",
        "rust-overlay": "rust-overlay"
      }
    },
    "rust-overlay": {
      "inputs": {
        "nixpkgs": [
          "nixpkgs"
        ]
      },
      "locked": {
        "lastModified": 1756089517,
        "narHash": "sha256-KGinVKturJFPrRebgvyUB1BUNqf1y9FN+tSJaTPlnFE=",
        "owner": "oxalica",
        "repo": "rust-overlay",
        "rev": "44774c8c83cd392c50914f86e1ff75ef8619f1cd",
        "type": "github"
      },
      "original": {
        "owner": "oxalica",
        "repo": "rust-overlay",
        "type": "github"
      }
    },
    "systems": {
      "locked": {
        "lastModified": 1681028828,
        "narHash": "sha256-Vy1rq5AaRuLzOxct8nz4T6wlgyUR7zLU309k9mBC768=",
        "owner": "nix-systems",
        "repo": "default",
        "rev": "da67096a3b9bf56a91d16901293e51ba5b49a27e",
        "type": "github"
      },
      "original": {
        "owner": "nix-systems",
        "repo": "default",
        "type": "github"
      }
    },
    "systems_2": {
      "locked": {
        "lastModified": 1681028828,
        "narHash": "sha256-Vy1rq5AaRuLzOxct8nz4T6wlgyUR7zLU309k9mBC768=",
        "owner": "nix-systems",
        "repo": "default",
        "rev": "da67096a3b9bf56a91d16901293e51ba5b49a27e",
        "type": "github"
      },
      "original": {
        "owner": "nix-systems",
        "repo": "default",
        "type": "github"
      }
    }
  },
  "root": "root",
  "version": 7
}
